
Microsoft Visual Studio Solution File, Format Version 12.00
# Visual Studio 15
VisualStudioVersion = 15.0.27428.2002
MinimumVisualStudioVersion = 10.0.40219.1
Project("{8BC9CEB8-8B4A-11D0-8D11-00A0C91BC942}") = "EZG18-Project", "EZG18-Project\ezg18.vcxproj", "{AA5844D5-20F1-4559-94FF-910D43DF9ED2}"
EndProject
Project("{2150E333-8FDC-42A3-9474-1A3956D46DE8}") = "Solution Items", "Solution Items", "{AD20DC34-8559-4160-9577-034981D8423A}"
EndProject
Global
	GlobalSection(Performance) = preSolution
		HasPerformanceSessions = true
	EndGlobalSection
	GlobalSection(SolutionConfigurationPlatforms) = preSolution
		Debug|x64 = Debug|x64
		Debug|x86 = Debug|x86
		Release|x64 = Release|x64
		Release|x86 = Release|x86
	EndGlobalSection
	GlobalSection(ProjectConfigurationPlatforms) = postSolution
		{AA5844D5-20F1-4559-94FF-910D43DF9ED2}.Debug|x64.ActiveCfg = Debug|x64
		{AA5844D5-20F1-4559-94FF-910D43DF9ED2}.Debug|x64.Build.0 = Debug|x64
		{AA5844D5-20F1-4559-94FF-910D43DF9ED2}.Debug|x86.ActiveCfg = Debug|Win32
		{AA5844D5-20F1-4559-94FF-910D43DF9ED2}.Debug|x86.Build.0 = Debug|Win32
		{AA5844D5-20F1-4559-94FF-910D43DF9ED2}.Release|x64.ActiveCfg = Release|x64
		{AA5844D5-20F1-4559-94FF-910D43DF9ED2}.Release|x64.Build.0 = Release|x64
		{AA5844D5-20F1-4559-94FF-910D43DF9ED2}.Release|x86.ActiveCfg = Release|Win32
		{AA5844D5-20F1-4559-94FF-910D43DF9ED2}.Release|x86.Build.0 = Release|Win32
	EndGlobalSection
	GlobalSection(SolutionProperties) = preSolution
		HideSolutionNode = FALSE
	EndGlobalSection
	GlobalSection(ExtensibilityGlobals) = postSolution
		SolutionGuid = {F6D72A11-3FD0-43A9-949C-32F3CAC10B4A}
	EndGlobalSection
	GlobalSection(Performance) = preSolution
		HasPerformanceSessions = true
	EndGlobalSection
EndGlobal
