<?xml version="1.0" encoding="utf-8"?>
<Project ToolsVersion="4.0" xmlns="http://schemas.microsoft.com/developer/msbuild/2003">
  <ItemGroup>
    <Filter Include="Source Files">
      <UniqueIdentifier>{4FC737F1-C7A5-4376-A066-2A32D752A2FF}</UniqueIdentifier>
      <Extensions>cpp;c;cc;cxx;def;odl;idl;hpj;bat;asm;asmx</Extensions>
    </Filter>
    <Filter Include="Header Files">
      <UniqueIdentifier>{93995380-89BD-4b04-88EB-625FBE52EBFB}</UniqueIdentifier>
      <Extensions>h;hh;hpp;hxx;hm;inl;inc;ipp;xsd</Extensions>
    </Filter>
    <Filter Include="Resource Files">
      <UniqueIdentifier>{67DA6AB6-F800-4c08-8B7A-83BB121AAD01}</UniqueIdentifier>
      <Extensions>rc;ico;cur;bmp;dlg;rc2;rct;bin;rgs;gif;jpg;jpeg;jpe;resx;tiff;tif;png;wav;mfcribbon-ms</Extensions>
    </Filter>
    <Filter Include="Resource Files\shaders">
      <UniqueIdentifier>{b760a714-6297-451f-9602-8e82afda54c9}</UniqueIdentifier>
    </Filter>
  </ItemGroup>
  <ItemGroup>
    <ClCompile Include="main.cpp">
      <Filter>Source Files</Filter>
    </ClCompile>
    <ClCompile Include="lights\LightManager.cpp">
      <Filter>Source Files</Filter>
    </ClCompile>
    <ClCompile Include="lights\SpotLight.cpp">
      <Filter>Source Files</Filter>
    </ClCompile>
    <ClCompile Include="lights\PointLight.cpp">
      <Filter>Source Files</Filter>
    </ClCompile>
    <ClCompile Include="Scene.cpp">
      <Filter>Source Files</Filter>
    </ClCompile>
    <ClCompile Include="SceneObject.cpp">
      <Filter>Source Files</Filter>
    </ClCompile>
    <ClCompile Include="SceneObjectGeometry.cpp">
      <Filter>Source Files</Filter>
    </ClCompile>
    <ClCompile Include="SceneBuilder\SceneBuilder.cpp">
      <Filter>Source Files</Filter>
    </ClCompile>
    <ClCompile Include="camera\Camera.cpp">
      <Filter>Source Files</Filter>
    </ClCompile>
    <ClCompile Include="mesh\Mesh.cpp">
      <Filter>Source Files</Filter>
    </ClCompile>
    <ClCompile Include="mesh\Model.cpp">
      <Filter>Source Files</Filter>
    </ClCompile>
    <ClCompile Include="shading\Shader.cpp">
      <Filter>Source Files</Filter>
    </ClCompile>
    <ClCompile Include="tex\Texture.cpp">
      <Filter>Source Files</Filter>
    </ClCompile>
    <ClCompile Include="tex\TonalArtMap.cpp">
      <Filter>Source Files</Filter>
    </ClCompile>
    <ClCompile Include="shading\VolumetricLightShader.cpp">
      <Filter>Source Files</Filter>
    </ClCompile>
    <ClCompile Include="render\FBO.cpp">
      <Filter>Source Files</Filter>
    </ClCompile>
    <ClCompile Include="shading\MainShader.cpp">
      <Filter>Source Files</Filter>
    </ClCompile>
    <ClCompile Include="lights\SLParticleSystem.cpp">
      <Filter>Source Files</Filter>
    </ClCompile>
    <ClCompile Include="camera\CameraMovement.cpp">
      <Filter>Source Files</Filter>
    </ClCompile>
    <ClCompile Include="render\FrustumCull.cpp">
      <Filter>Source Files</Filter>
    </ClCompile>
    <ClCompile Include="render\FrustumPlane.cpp">
      <Filter>Source Files</Filter>
    </ClCompile>
  </ItemGroup>
  <ItemGroup>
    <ClInclude Include="resource.h">
      <Filter>Header Files</Filter>
    </ClInclude>
    <ClInclude Include="lights\Light.h">
      <Filter>Header Files</Filter>
    </ClInclude>
    <ClInclude Include="Scene.h">
      <Filter>Header Files</Filter>
    </ClInclude>
    <ClInclude Include="SceneObject.h">
      <Filter>Header Files</Filter>
    </ClInclude>
    <ClInclude Include="SceneObjectGeometry.h">
      <Filter>Header Files</Filter>
    </ClInclude>
    <ClInclude Include="SceneBuilder\SceneBuilder.h">
      <Filter>Header Files</Filter>
    </ClInclude>
    <ClInclude Include="camera\Camera.h">
      <Filter>Header Files</Filter>
    </ClInclude>
    <ClInclude Include="mesh\Mesh.h">
      <Filter>Header Files</Filter>
    </ClInclude>
    <ClInclude Include="mesh\Model.h">
      <Filter>Header Files</Filter>
    </ClInclude>
    <ClInclude Include="shading\Shader.h">
      <Filter>Header Files</Filter>
    </ClInclude>
    <ClInclude Include="tex\Texture.h">
      <Filter>Header Files</Filter>
    </ClInclude>
    <ClInclude Include="mesh\RenderStructs.h">
      <Filter>Header Files</Filter>
    </ClInclude>
    <ClInclude Include="camera\Constants.h">
      <Filter>Header Files</Filter>
    </ClInclude>
    <ClInclude Include="tex\TonalArtMap.h">
      <Filter>Header Files</Filter>
    </ClInclude>
    <ClInclude Include="shading\SpecializedShaders.h">
      <Filter>Header Files</Filter>
    </ClInclude>
    <ClInclude Include="render\FBO.h">
      <Filter>Header Files</Filter>
    </ClInclude>
    <ClInclude Include="render\PostprocessPipeline.h">
      <Filter>Header Files</Filter>
    </ClInclude>
    <ClInclude Include="lights\SLParticleSystem.h">
      <Filter>Header Files</Filter>
    </ClInclude>
    <ClInclude Include="camera\CameraMovement.h">
      <Filter>Header Files</Filter>
    </ClInclude>
    <ClInclude Include="render\FrustumCull.h">
      <Filter>Header Files</Filter>
    </ClInclude>
    <ClInclude Include="render\FrustumPlane.h">
      <Filter>Header Files</Filter>
    </ClInclude>
  </ItemGroup>
  <ItemGroup>
    <Text Include="assets\shaders\basicShader_fs.txt">
      <Filter>Resource Files\shaders</Filter>
    </Text>
    <Text Include="assets\shaders\basicShader_vs.txt">
      <Filter>Resource Files\shaders</Filter>
    </Text>
    <Text Include="assets\shaders\brightness_fs.txt">
      <Filter>Resource Files\shaders</Filter>
    </Text>
    <Text Include="assets\shaders\brightness_vs.txt">
      <Filter>Resource Files\shaders</Filter>
    </Text>
    <Text Include="assets\shaders\debug_texturedraw_fs.txt">
      <Filter>Resource Files\shaders</Filter>
    </Text>
    <Text Include="assets\shaders\debug_texturedraw_vs.txt">
      <Filter>Resource Files\shaders</Filter>
    </Text>
    <Text Include="assets\shaders\depth_fs.txt">
      <Filter>Resource Files\shaders</Filter>
    </Text>
    <Text Include="assets\shaders\depth_vs.txt">
      <Filter>Resource Files\shaders</Filter>
    </Text>
    <Text Include="assets\shaders\omni_depth_fs.txt">
      <Filter>Resource Files\shaders</Filter>
    </Text>
    <Text Include="assets\shaders\omni_depth_gs.txt">
      <Filter>Resource Files\shaders</Filter>
    </Text>
    <Text Include="assets\shaders\omni_depth_vs.txt">
      <Filter>Resource Files\shaders</Filter>
    </Text>
    <Text Include="assets\shaders\simple_Blur_fs.txt" />
    <Text Include="assets\shaders\tonalArtMap_fs.txt" />
    <Text Include="assets\shaders\tonalArtMap_vs.txt" />
    <Text Include="assets\shaders\vol_vs.txt" />
    <Text Include="assets\shaders\vol_fs.txt" />
    <Text Include="assets\shaders\2tex_combine_fs.txt" />
    <Text Include="assets\shaders\base_vs.txt" />
    <Text Include="assets\shaders\2tex_combine_threshold_fs.txt" />
    <Text Include="assets\shaders\partRender_fs.txt" />
    <Text Include="assets\shaders\partRender_gs.txt" />
    <Text Include="assets\shaders\partRender_vs.txt" />
    <Text Include="assets\shaders\ps_update_fs.txt" />
    <Text Include="assets\shaders\ps_update_gs.txt" />
    <Text Include="assets\shaders\ps_update_vs.txt" />
    <Text Include="assets\shaders\contouring_fs.txt" />
  </ItemGroup>
  <ItemGroup>
    <ResourceCompile Include="ezg18.rc">
      <Filter>Resource Files</Filter>
    </ResourceCompile>
  </ItemGroup>
  <ItemGroup>
    <None Include="assets\config.ini" />
  </ItemGroup>
</Project>